
Microsoft Visual Studio Solution File, Format Version 12.00
# Visual Studio 15
VisualStudioVersion = 15.0.27703.2000
MinimumVisualStudioVersion = 10.0.40219.1
Project("{9A19103F-16F7-4668-BE54-9A1E7A4F7556}") = "Bender.Core", "Bender.Core\Bender.Core.csproj", "{360FD483-20BF-414F-9A04-CCA6B85C2BE3}"
EndProject
Project("{9A19103F-16F7-4668-BE54-9A1E7A4F7556}") = "Bender", "Bender\Bender.csproj", "{3B69DF82-ABC3-4440-86E9-D9ED099242BA}"
EndProject
Project("{9A19103F-16F7-4668-BE54-9A1E7A4F7556}") = "Bender.Core.Tests", "Bender.Core.Tests\Bender.Core.Tests.csproj", "{24E4376E-4BE0-4F06-BFE9-26065DB5029E}"
EndProject
Project("{2150E333-8FDC-42A3-9474-1A3956D46DE8}") = "Specs", "Specs", "{9440F112-43D7-47F9-8AC8-EB127560BF17}"
	ProjectSection(SolutionItems) = preProject
		examples\simple_layout.yaml = examples\simple_layout.yaml
		examples\simple_layout_binary.simple = examples\simple_layout_binary.simple
		examples\test_deferred_binary.simple = examples\test_deferred_binary.simple
	EndProjectSection
EndProject
Project("{2150E333-8FDC-42A3-9474-1A3956D46DE8}") = "Meta", "Meta", "{71A73E4E-A81A-4958-B307-8B59C9665732}"
ProjectSection(SolutionItems) = preProject
	.gitattributes = .gitattributes
	.gitignore = .gitignore
	LICENSE = LICENSE
	readme.md = readme.md
EndProjectSection
EndProject
Global
	GlobalSection(SolutionConfigurationPlatforms) = preSolution
		Debug|Any CPU = Debug|Any CPU
		Release|Any CPU = Release|Any CPU
	EndGlobalSection
	GlobalSection(ProjectConfigurationPlatforms) = postSolution
		{360FD483-20BF-414F-9A04-CCA6B85C2BE3}.Debug|Any CPU.ActiveCfg = Debug|Any CPU
		{360FD483-20BF-414F-9A04-CCA6B85C2BE3}.Debug|Any CPU.Build.0 = Debug|Any CPU
		{360FD483-20BF-414F-9A04-CCA6B85C2BE3}.Release|Any CPU.ActiveCfg = Release|Any CPU
		{360FD483-20BF-414F-9A04-CCA6B85C2BE3}.Release|Any CPU.Build.0 = Release|Any CPU
		{3B69DF82-ABC3-4440-86E9-D9ED099242BA}.Debug|Any CPU.ActiveCfg = Debug|Any CPU
		{3B69DF82-ABC3-4440-86E9-D9ED099242BA}.Debug|Any CPU.Build.0 = Debug|Any CPU
		{3B69DF82-ABC3-4440-86E9-D9ED099242BA}.Release|Any CPU.ActiveCfg = Release|Any CPU
		{3B69DF82-ABC3-4440-86E9-D9ED099242BA}.Release|Any CPU.Build.0 = Release|Any CPU
		{24E4376E-4BE0-4F06-BFE9-26065DB5029E}.Debug|Any CPU.ActiveCfg = Debug|Any CPU
		{24E4376E-4BE0-4F06-BFE9-26065DB5029E}.Debug|Any CPU.Build.0 = Debug|Any CPU
		{24E4376E-4BE0-4F06-BFE9-26065DB5029E}.Release|Any CPU.ActiveCfg = Release|Any CPU
		{24E4376E-4BE0-4F06-BFE9-26065DB5029E}.Release|Any CPU.Build.0 = Release|Any CPU
	EndGlobalSection
	GlobalSection(SolutionProperties) = preSolution
		HideSolutionNode = FALSE
	EndGlobalSection
	GlobalSection(ExtensibilityGlobals) = postSolution
		SolutionGuid = {CE9EC8D0-8F4B-446F-AB15-A53614B65274}
	EndGlobalSection
EndGlobal
